
Microsoft Visual Studio Solution File, Format Version 12.00
# Visual Studio Version 16
VisualStudioVersion = 16.0.31605.320
MinimumVisualStudioVersion = 10.0.40219.1
Project("{FAE04EC0-301F-11D3-BF4B-00C04F79EFBC}") = "RestaurantApplication", "RestaurantApplication\RestaurantApplication.csproj", "{11E044E3-2533-42E8-AE27-62CA3C71640A}"
EndProject
Project("{FAE04EC0-301F-11D3-BF4B-00C04F79EFBC}") = "RestaurantApplicationClassLibrary", "RestaurantApplicationClassLibrary\RestaurantApplicationClassLibrary.csproj", "{D863BC12-AAF3-4666-9CC3-6232DBDB7FCE}"
EndProject
Project("{FAE04EC0-301F-11D3-BF4B-00C04F79EFBC}") = "RestaurantApplicationTests", "RestaurantApplicationTests\RestaurantApplicationTests.csproj", "{1E476073-1DF0-4847-B2E3-9A4396344435}"
EndProject
Global
	GlobalSection(SolutionConfigurationPlatforms) = preSolution
		Debug|Any CPU = Debug|Any CPU
		Release|Any CPU = Release|Any CPU
	EndGlobalSection
	GlobalSection(ProjectConfigurationPlatforms) = postSolution
		{11E044E3-2533-42E8-AE27-62CA3C71640A}.Debug|Any CPU.ActiveCfg = Debug|Any CPU
		{11E044E3-2533-42E8-AE27-62CA3C71640A}.Debug|Any CPU.Build.0 = Debug|Any CPU
		{11E044E3-2533-42E8-AE27-62CA3C71640A}.Release|Any CPU.ActiveCfg = Release|Any CPU
		{11E044E3-2533-42E8-AE27-62CA3C71640A}.Release|Any CPU.Build.0 = Release|Any CPU
		{D863BC12-AAF3-4666-9CC3-6232DBDB7FCE}.Debug|Any CPU.ActiveCfg = Debug|Any CPU
		{D863BC12-AAF3-4666-9CC3-6232DBDB7FCE}.Debug|Any CPU.Build.0 = Debug|Any CPU
		{D863BC12-AAF3-4666-9CC3-6232DBDB7FCE}.Release|Any CPU.ActiveCfg = Release|Any CPU
		{D863BC12-AAF3-4666-9CC3-6232DBDB7FCE}.Release|Any CPU.Build.0 = Release|Any CPU
		{1E476073-1DF0-4847-B2E3-9A4396344435}.Debug|Any CPU.ActiveCfg = Debug|Any CPU
		{1E476073-1DF0-4847-B2E3-9A4396344435}.Debug|Any CPU.Build.0 = Debug|Any CPU
		{1E476073-1DF0-4847-B2E3-9A4396344435}.Release|Any CPU.ActiveCfg = Release|Any CPU
		{1E476073-1DF0-4847-B2E3-9A4396344435}.Release|Any CPU.Build.0 = Release|Any CPU
	EndGlobalSection
	GlobalSection(SolutionProperties) = preSolution
		HideSolutionNode = FALSE
	EndGlobalSection
	GlobalSection(ExtensibilityGlobals) = postSolution
		SolutionGuid = {2E0D20EB-CB2F-4216-BEEC-52B812E95BB5}
	EndGlobalSection
EndGlobal
